// !$*UTF8*$!
{
	archiveVersion = 1;
	classes = {
	};
	objectVersion = 46;
	objects = {

/* Begin PBXBuildFile section */
		5243857C153EBA5A00B240B4 /* semafori.c in Sources */ = {isa = PBXBuildFile; fileRef = 5214F0B51521E26B008E2C6C /* semafori.c */; };
		5243857D153EBA5A00B240B4 /* coda.c in Sources */ = {isa = PBXBuildFile; fileRef = 5214F09F1521E26B008E2C6C /* coda.c */; };
		5243857E153EBA5A00B240B4 /* miacoda_op.c in Sources */ = {isa = PBXBuildFile; fileRef = 5214F0A71521E26B008E2C6C /* miacoda_op.c */; };
		52438580153EBA5A00B240B4 /* operatore.c in Sources */ = {isa = PBXBuildFile; fileRef = 5214F0B91521E26B008E2C6C /* operatore.c */; };
		52438581153EBA5A00B240B4 /* util.c in Sources */ = {isa = PBXBuildFile; fileRef = 52CF2EE91537307F002040D2 /* util.c */; };
		52438582153EBA5A00B240B4 /* server.c in Sources */ = {isa = PBXBuildFile; fileRef = 52CF2EED15373822002040D2 /* server.c */; };
		525BC45615495A0F00E3B068 /* stato_helpdesk.c in Sources */ = {isa = PBXBuildFile; fileRef = 525BC45415495A0F00E3B068 /* stato_helpdesk.c */; };
		525BC467154981FB00E3B068 /* util.c in Sources */ = {isa = PBXBuildFile; fileRef = 52CF2EE91537307F002040D2 /* util.c */; };
		525BC468154981FB00E3B068 /* coda.c in Sources */ = {isa = PBXBuildFile; fileRef = 5214F09F1521E26B008E2C6C /* coda.c */; };
		525BC469154981FB00E3B068 /* miacoda_cli.c in Sources */ = {isa = PBXBuildFile; fileRef = 52A3604D15304F1100050748 /* miacoda_cli.c */; };
		525BC46A154981FB00E3B068 /* stato_helpdesk.c in Sources */ = {isa = PBXBuildFile; fileRef = 525BC45415495A0F00E3B068 /* stato_helpdesk.c */; };
		525BC46B154981FB00E3B068 /* semafori.c in Sources */ = {isa = PBXBuildFile; fileRef = 5214F0B51521E26B008E2C6C /* semafori.c */; };
		525BC46C154981FB00E3B068 /* client.c in Sources */ = {isa = PBXBuildFile; fileRef = 525BC44E1549598500E3B068 /* client.c */; };
		525BC4771549823E00E3B068 /* util.c in Sources */ = {isa = PBXBuildFile; fileRef = 52CF2EE91537307F002040D2 /* util.c */; };
		525BC4781549823E00E3B068 /* semafori.c in Sources */ = {isa = PBXBuildFile; fileRef = 5214F0B51521E26B008E2C6C /* semafori.c */; };
		525BC47D1549A05B00E3B068 /* operazioni_client.c in Sources */ = {isa = PBXBuildFile; fileRef = 525BC47C1549A05B00E3B068 /* operazioni_client.c */; };
		525BC47E1549B52300E3B068 /* operazioni_client.c in Sources */ = {isa = PBXBuildFile; fileRef = 525BC47C1549A05B00E3B068 /* operazioni_client.c */; };
/* End PBXBuildFile section */

/* Begin PBXCopyFilesBuildPhase section */
		52438585153EBA5A00B240B4 /* CopyFiles */ = {
			isa = PBXCopyFilesBuildPhase;
			buildActionMask = 2147483647;
			dstPath = /usr/share/man/man1/;
			dstSubfolderSpec = 0;
			files = (
			);
			runOnlyForDeploymentPostprocessing = 1;
		};
		525BC45B154981E300E3B068 /* CopyFiles */ = {
			isa = PBXCopyFilesBuildPhase;
			buildActionMask = 2147483647;
			dstPath = /usr/share/man/man1/;
			dstSubfolderSpec = 0;
			files = (
			);
			runOnlyForDeploymentPostprocessing = 1;
		};
		525BC46F1549822B00E3B068 /* CopyFiles */ = {
			isa = PBXCopyFilesBuildPhase;
			buildActionMask = 2147483647;
			dstPath = /usr/share/man/man1/;
			dstSubfolderSpec = 0;
			files = (
			);
			runOnlyForDeploymentPostprocessing = 1;
		};
/* End PBXCopyFilesBuildPhase section */

/* Begin PBXFileReference section */
		5214F09F1521E26B008E2C6C /* coda.c */ = {isa = PBXFileReference; fileEncoding = 4; lastKnownFileType = sourcecode.c.c; path = coda.c; sourceTree = "<group>"; };
		5214F0A01521E26B008E2C6C /* coda.h */ = {isa = PBXFileReference; fileEncoding = 4; lastKnownFileType = sourcecode.c.h; path = coda.h; sourceTree = "<group>"; };
		5214F0A71521E26B008E2C6C /* miacoda_op.c */ = {isa = PBXFileReference; fileEncoding = 4; lastKnownFileType = sourcecode.c.c; path = miacoda_op.c; sourceTree = "<group>"; };
		5214F0A81521E26B008E2C6C /* miacoda_op.h */ = {isa = PBXFileReference; fileEncoding = 4; lastKnownFileType = sourcecode.c.h; path = miacoda_op.h; sourceTree = "<group>"; };
		5214F0B51521E26B008E2C6C /* semafori.c */ = {isa = PBXFileReference; fileEncoding = 4; lastKnownFileType = sourcecode.c.c; path = semafori.c; sourceTree = "<group>"; };
		5214F0B61521E26B008E2C6C /* semafori.h */ = {isa = PBXFileReference; fileEncoding = 4; lastKnownFileType = sourcecode.c.h; path = semafori.h; sourceTree = "<group>"; };
		5214F0B91521E26B008E2C6C /* operatore.c */ = {isa = PBXFileReference; fileEncoding = 4; lastKnownFileType = sourcecode.c.c; path = operatore.c; sourceTree = "<group>"; };
		5214F0BA1521E26B008E2C6C /* README.md */ = {isa = PBXFileReference; fileEncoding = 4; lastKnownFileType = text; path = README.md; sourceTree = "<group>"; };
		52438589153EBA5A00B240B4 /* helpdesk copy */ = {isa = PBXFileReference; explicitFileType = "compiled.mach-o.executable"; includeInIndex = 0; path = "helpdesk copy"; sourceTree = BUILT_PRODUCTS_DIR; };
		525BC44E1549598500E3B068 /* client.c */ = {isa = PBXFileReference; fileEncoding = 4; lastKnownFileType = sourcecode.c.c; path = client.c; sourceTree = SOURCE_ROOT; };
		525BC453154959B300E3B068 /* operazioni_client.h */ = {isa = PBXFileReference; fileEncoding = 4; lastKnownFileType = sourcecode.c.h; path = operazioni_client.h; sourceTree = SOURCE_ROOT; };
		525BC45415495A0F00E3B068 /* stato_helpdesk.c */ = {isa = PBXFileReference; fileEncoding = 4; lastKnownFileType = sourcecode.c.c; path = stato_helpdesk.c; sourceTree = "<group>"; };
		525BC45515495A0F00E3B068 /* stato_helpdesk.h */ = {isa = PBXFileReference; fileEncoding = 4; lastKnownFileType = sourcecode.c.h; path = stato_helpdesk.h; sourceTree = "<group>"; };
		525BC45D154981E300E3B068 /* client */ = {isa = PBXFileReference; explicitFileType = "compiled.mach-o.executable"; includeInIndex = 0; path = client; sourceTree = BUILT_PRODUCTS_DIR; };
		525BC4711549822B00E3B068 /* provasem.c */ = {isa = PBXFileReference; explicitFileType = "compiled.mach-o.executable"; includeInIndex = 0; path = provasem.c; sourceTree = BUILT_PRODUCTS_DIR; };
		525BC47C1549A05B00E3B068 /* operazioni_client.c */ = {isa = PBXFileReference; fileEncoding = 4; lastKnownFileType = sourcecode.c.c; path = operazioni_client.c; sourceTree = SOURCE_ROOT; };
		52A3604D15304F1100050748 /* miacoda_cli.c */ = {isa = PBXFileReference; fileEncoding = 4; lastKnownFileType = sourcecode.c.c; path = miacoda_cli.c; sourceTree = "<group>"; };
		52A3604F15304F2100050748 /* miacoda_cli.h */ = {isa = PBXFileReference; fileEncoding = 4; lastKnownFileType = sourcecode.c.h; path = miacoda_cli.h; sourceTree = "<group>"; };
		52C592361546B375004958D8 /* makefile */ = {isa = PBXFileReference; fileEncoding = 4; lastKnownFileType = sourcecode.make; path = makefile; sourceTree = "<group>"; };
		52CF2EE515371A13002040D2 /* costanti.h */ = {isa = PBXFileReference; fileEncoding = 4; lastKnownFileType = sourcecode.c.h; path = costanti.h; sourceTree = "<group>"; };
		52CF2EE715371BA4002040D2 /* operatore.h */ = {isa = PBXFileReference; fileEncoding = 4; lastKnownFileType = sourcecode.c.h; path = operatore.h; sourceTree = "<group>"; };
		52CF2EE91537307F002040D2 /* util.c */ = {isa = PBXFileReference; fileEncoding = 4; lastKnownFileType = sourcecode.c.c; path = util.c; sourceTree = "<group>"; };
		52CF2EEB1537308F002040D2 /* util.h */ = {isa = PBXFileReference; fileEncoding = 4; lastKnownFileType = sourcecode.c.h; path = util.h; sourceTree = "<group>"; };
		52CF2EED15373822002040D2 /* server.c */ = {isa = PBXFileReference; fileEncoding = 4; lastKnownFileType = sourcecode.c.c; path = server.c; sourceTree = "<group>"; };
/* End PBXFileReference section */

/* Begin PBXFrameworksBuildPhase section */
		52438584153EBA5A00B240B4 /* Frameworks */ = {
			isa = PBXFrameworksBuildPhase;
			buildActionMask = 2147483647;
			files = (
			);
			runOnlyForDeploymentPostprocessing = 0;
		};
		525BC45A154981E300E3B068 /* Frameworks */ = {
			isa = PBXFrameworksBuildPhase;
			buildActionMask = 2147483647;
			files = (
			);
			runOnlyForDeploymentPostprocessing = 0;
		};
		525BC46E1549822B00E3B068 /* Frameworks */ = {
			isa = PBXFrameworksBuildPhase;
			buildActionMask = 2147483647;
			files = (
			);
			runOnlyForDeploymentPostprocessing = 0;
		};
/* End PBXFrameworksBuildPhase section */

/* Begin PBXGroup section */
		522D6D9C15306AD000C77699 /* Lista */ = {
			isa = PBXGroup;
			children = (
				525BC45415495A0F00E3B068 /* stato_helpdesk.c */,
				525BC45515495A0F00E3B068 /* stato_helpdesk.h */,
			);
			name = Lista;
			sourceTree = "<group>";
		};
		522D6D9D15306ADC00C77699 /* Semafori */ = {
			isa = PBXGroup;
			children = (
				5214F0B51521E26B008E2C6C /* semafori.c */,
				5214F0B61521E26B008E2C6C /* semafori.h */,
			);
			name = Semafori;
			sourceTree = "<group>";
		};
		52802A281521E1C70077DD15 = {
			isa = PBXGroup;
			children = (
				52C592361546B375004958D8 /* makefile */,
				52CF2EEC15373099002040D2 /* Random */,
				52CF2EED15373822002040D2 /* server.c */,
				52CF2EE515371A13002040D2 /* costanti.h */,
				52CF2EE815371BFA002040D2 /* Operatore */,
				52A360501530666600050748 /* Coda */,
				522D6D9C15306AD000C77699 /* Lista */,
				522D6D9D15306ADC00C77699 /* Semafori */,
				5214F0BA1521E26B008E2C6C /* README.md */,
				52CF2EF515373932002040D2 /* client */,
				52802A341521E1C70077DD15 /* Products */,
			);
			sourceTree = "<group>";
		};
		52802A341521E1C70077DD15 /* Products */ = {
			isa = PBXGroup;
			children = (
				52438589153EBA5A00B240B4 /* helpdesk copy */,
				525BC45D154981E300E3B068 /* client */,
				525BC4711549822B00E3B068 /* provasem.c */,
			);
			name = Products;
			sourceTree = "<group>";
		};
		52A360501530666600050748 /* Coda */ = {
			isa = PBXGroup;
			children = (
				5214F09F1521E26B008E2C6C /* coda.c */,
				5214F0A01521E26B008E2C6C /* coda.h */,
				5214F0A71521E26B008E2C6C /* miacoda_op.c */,
				5214F0A81521E26B008E2C6C /* miacoda_op.h */,
				52A3604D15304F1100050748 /* miacoda_cli.c */,
				52A3604F15304F2100050748 /* miacoda_cli.h */,
			);
			name = Coda;
			sourceTree = "<group>";
		};
		52CF2EE815371BFA002040D2 /* Operatore */ = {
			isa = PBXGroup;
			children = (
				52CF2EE715371BA4002040D2 /* operatore.h */,
				5214F0B91521E26B008E2C6C /* operatore.c */,
			);
			name = Operatore;
			sourceTree = "<group>";
		};
		52CF2EEC15373099002040D2 /* Random */ = {
			isa = PBXGroup;
			children = (
				52CF2EE91537307F002040D2 /* util.c */,
				52CF2EEB1537308F002040D2 /* util.h */,
			);
			name = Random;
			sourceTree = "<group>";
		};
		52CF2EF515373932002040D2 /* client */ = {
			isa = PBXGroup;
			children = (
				525BC44E1549598500E3B068 /* client.c */,
				525BC453154959B300E3B068 /* operazioni_client.h */,
				525BC47C1549A05B00E3B068 /* operazioni_client.c */,
			);
			path = client;
			sourceTree = "<group>";
		};
/* End PBXGroup section */

/* Begin PBXNativeTarget section */
		5243857A153EBA5A00B240B4 /* helpdesk */ = {
			isa = PBXNativeTarget;
			buildConfigurationList = 52438586153EBA5A00B240B4 /* Build configuration list for PBXNativeTarget "helpdesk" */;
			buildPhases = (
				5243857B153EBA5A00B240B4 /* Sources */,
				52438584153EBA5A00B240B4 /* Frameworks */,
				52438585153EBA5A00B240B4 /* CopyFiles */,
			);
			buildRules = (
			);
			dependencies = (
			);
			name = helpdesk;
			productName = helpdesk;
			productReference = 52438589153EBA5A00B240B4 /* helpdesk copy */;
			productType = "com.apple.product-type.tool";
		};
		525BC45C154981E300E3B068 /* client */ = {
			isa = PBXNativeTarget;
			buildConfigurationList = 525BC464154981E400E3B068 /* Build configuration list for PBXNativeTarget "client" */;
			buildPhases = (
				525BC459154981E300E3B068 /* Sources */,
				525BC45A154981E300E3B068 /* Frameworks */,
				525BC45B154981E300E3B068 /* CopyFiles */,
			);
			buildRules = (
			);
			dependencies = (
			);
			name = client;
			productName = client;
			productReference = 525BC45D154981E300E3B068 /* client */;
			productType = "com.apple.product-type.tool";
		};
		525BC4701549822B00E3B068 /* provasem */ = {
			isa = PBXNativeTarget;
			buildConfigurationList = 525BC4741549822B00E3B068 /* Build configuration list for PBXNativeTarget "provasem" */;
			buildPhases = (
				525BC46D1549822B00E3B068 /* Sources */,
				525BC46E1549822B00E3B068 /* Frameworks */,
				525BC46F1549822B00E3B068 /* CopyFiles */,
			);
			buildRules = (
			);
			dependencies = (
			);
			name = provasem;
			productName = provasem.c;
			productReference = 525BC4711549822B00E3B068 /* provasem.c */;
			productType = "com.apple.product-type.tool";
		};
/* End PBXNativeTarget section */

/* Begin PBXProject section */
		52802A2A1521E1C70077DD15 /* Project object */ = {
			isa = PBXProject;
			attributes = {
				LastUpgradeCheck = 0420;
				ORGANIZATIONNAME = "Università degli studi di Torino";
			};
			buildConfigurationList = 52802A2D1521E1C70077DD15 /* Build configuration list for PBXProject "helpdesk" */;
			compatibilityVersion = "Xcode 3.2";
			developmentRegion = English;
			hasScannedForEncodings = 0;
			knownRegions = (
				en,
			);
			mainGroup = 52802A281521E1C70077DD15;
			productRefGroup = 52802A341521E1C70077DD15 /* Products */;
			projectDirPath = "";
			projectRoot = "";
			targets = (
				5243857A153EBA5A00B240B4 /* helpdesk */,
				525BC45C154981E300E3B068 /* client */,
				525BC4701549822B00E3B068 /* provasem */,
			);
		};
/* End PBXProject section */

/* Begin PBXSourcesBuildPhase section */
		5243857B153EBA5A00B240B4 /* Sources */ = {
			isa = PBXSourcesBuildPhase;
			buildActionMask = 2147483647;
			files = (
				5243857C153EBA5A00B240B4 /* semafori.c in Sources */,
				5243857D153EBA5A00B240B4 /* coda.c in Sources */,
				5243857E153EBA5A00B240B4 /* miacoda_op.c in Sources */,
				52438580153EBA5A00B240B4 /* operatore.c in Sources */,
				52438581153EBA5A00B240B4 /* util.c in Sources */,
				52438582153EBA5A00B240B4 /* server.c in Sources */,
				525BC45615495A0F00E3B068 /* stato_helpdesk.c in Sources */,
				525BC47D1549A05B00E3B068 /* operazioni_client.c in Sources */,
			);
			runOnlyForDeploymentPostprocessing = 0;
		};
		525BC459154981E300E3B068 /* Sources */ = {
			isa = PBXSourcesBuildPhase;
			buildActionMask = 2147483647;
			files = (
				525BC47E1549B52300E3B068 /* operazioni_client.c in Sources */,
				525BC467154981FB00E3B068 /* util.c in Sources */,
				525BC468154981FB00E3B068 /* coda.c in Sources */,
				525BC469154981FB00E3B068 /* miacoda_cli.c in Sources */,
				525BC46A154981FB00E3B068 /* stato_helpdesk.c in Sources */,
				525BC46B154981FB00E3B068 /* semafori.c in Sources */,
				525BC46C154981FB00E3B068 /* client.c in Sources */,
			);
			runOnlyForDeploymentPostprocessing = 0;
		};
		525BC46D1549822B00E3B068 /* Sources */ = {
			isa = PBXSourcesBuildPhase;
			buildActionMask = 2147483647;
			files = (
				525BC4771549823E00E3B068 /* util.c in Sources */,
				525BC4781549823E00E3B068 /* semafori.c in Sources */,
			);
			runOnlyForDeploymentPostprocessing = 0;
		};
/* End PBXSourcesBuildPhase section */

/* Begin XCBuildConfiguration section */
		52438587153EBA5A00B240B4 /* Debug */ = {
			isa = XCBuildConfiguration;
			buildSettings = {
				PRODUCT_NAME = "helpdesk copy";
			};
			name = Debug;
		};
		52438588153EBA5A00B240B4 /* Release */ = {
			isa = XCBuildConfiguration;
			buildSettings = {
				PRODUCT_NAME = "helpdesk copy";
			};
			name = Release;
		};
		525BC465154981E400E3B068 /* Debug */ = {
			isa = XCBuildConfiguration;
			buildSettings = {
				PRODUCT_NAME = "$(TARGET_NAME)";
			};
			name = Debug;
		};
		525BC466154981E400E3B068 /* Release */ = {
			isa = XCBuildConfiguration;
			buildSettings = {
				PRODUCT_NAME = "$(TARGET_NAME)";
			};
			name = Release;
		};
		525BC4751549822B00E3B068 /* Debug */ = {
			isa = XCBuildConfiguration;
			buildSettings = {
				PRODUCT_NAME = "$(TARGET_NAME)";
			};
			name = Debug;
		};
		525BC4761549822B00E3B068 /* Release */ = {
			isa = XCBuildConfiguration;
			buildSettings = {
				PRODUCT_NAME = "$(TARGET_NAME)";
			};
			name = Release;
		};
		52802A3B1521E1C80077DD15 /* Debug */ = {
			isa = XCBuildConfiguration;
			buildSettings = {
				ALWAYS_SEARCH_USER_PATHS = NO;
				ARCHS = "$(ARCHS_STANDARD_64_BIT)";
				CLANG_ENABLE_OBJC_ARC = YES;
				COPY_PHASE_STRIP = NO;
				GCC_C_LANGUAGE_STANDARD = gnu99;
				GCC_DYNAMIC_NO_PIC = NO;
				GCC_ENABLE_OBJC_EXCEPTIONS = YES;
				GCC_OPTIMIZATION_LEVEL = 0;
				GCC_PREPROCESSOR_DEFINITIONS = (
					"DEBUG=1",
					"$(inherited)",
				);
				GCC_SYMBOLS_PRIVATE_EXTERN = NO;
				GCC_VERSION = com.apple.compilers.llvmgcc42;
				GCC_WARN_64_TO_32_BIT_CONVERSION = YES;
				GCC_WARN_ABOUT_MISSING_PROTOTYPES = YES;
				GCC_WARN_ABOUT_RETURN_TYPE = YES;
				GCC_WARN_UNUSED_VARIABLE = YES;
				MACOSX_DEPLOYMENT_TARGET = 10.7;
				ONLY_ACTIVE_ARCH = YES;
				SDKROOT = macosx;
			};
			name = Debug;
		};
		52802A3C1521E1C80077DD15 /* Release */ = {
			isa = XCBuildConfiguration;
			buildSettings = {
				ALWAYS_SEARCH_USER_PATHS = NO;
				ARCHS = "$(ARCHS_STANDARD_64_BIT)";
				CLANG_ENABLE_OBJC_ARC = YES;
				COPY_PHASE_STRIP = YES;
				DEBUG_INFORMATION_FORMAT = "dwarf-with-dsym";
				GCC_C_LANGUAGE_STANDARD = gnu99;
				GCC_ENABLE_OBJC_EXCEPTIONS = YES;
				GCC_VERSION = com.apple.compilers.llvmgcc42;
				GCC_WARN_64_TO_32_BIT_CONVERSION = YES;
				GCC_WARN_ABOUT_MISSING_PROTOTYPES = YES;
				GCC_WARN_ABOUT_RETURN_TYPE = YES;
				GCC_WARN_UNUSED_VARIABLE = YES;
				MACOSX_DEPLOYMENT_TARGET = 10.7;
				SDKROOT = macosx;
			};
			name = Release;
		};
/* End XCBuildConfiguration section */

/* Begin XCConfigurationList section */
		52438586153EBA5A00B240B4 /* Build configuration list for PBXNativeTarget "helpdesk" */ = {
			isa = XCConfigurationList;
			buildConfigurations = (
				52438587153EBA5A00B240B4 /* Debug */,
				52438588153EBA5A00B240B4 /* Release */,
			);
			defaultConfigurationIsVisible = 0;
			defaultConfigurationName = Release;
		};
		525BC464154981E400E3B068 /* Build configuration list for PBXNativeTarget "client" */ = {
			isa = XCConfigurationList;
			buildConfigurations = (
				525BC465154981E400E3B068 /* Debug */,
				525BC466154981E400E3B068 /* Release */,
			);
			defaultConfigurationIsVisible = 0;
		};
		525BC4741549822B00E3B068 /* Build configuration list for PBXNativeTarget "provasem" */ = {
			isa = XCConfigurationList;
			buildConfigurations = (
				525BC4751549822B00E3B068 /* Debug */,
				525BC4761549822B00E3B068 /* Release */,
			);
			defaultConfigurationIsVisible = 0;
		};
		52802A2D1521E1C70077DD15 /* Build configuration list for PBXProject "helpdesk" */ = {
			isa = XCConfigurationList;
			buildConfigurations = (
				52802A3B1521E1C80077DD15 /* Debug */,
				52802A3C1521E1C80077DD15 /* Release */,
			);
			defaultConfigurationIsVisible = 0;
			defaultConfigurationName = Release;
		};
/* End XCConfigurationList section */
	};
	rootObject = 52802A2A1521E1C70077DD15 /* Project object */;
}
