// !$*UTF8*$!
{
	archiveVersion = 1;
	classes = {
	};
	objectVersion = 46;
	objects = {

/* Begin PBXBuildFile section */
		52802A381521E1C70077DD15 /* main.c in Sources */ = {isa = PBXBuildFile; fileRef = 52802A371521E1C70077DD15 /* main.c */; };
		52802A3A1521E1C80077DD15 /* helpdesk.1 in CopyFiles */ = {isa = PBXBuildFile; fileRef = 52802A391521E1C70077DD15 /* helpdesk.1 */; };
/* End PBXBuildFile section */

/* Begin PBXCopyFilesBuildPhase section */
		52802A311521E1C70077DD15 /* CopyFiles */ = {
			isa = PBXCopyFilesBuildPhase;
			buildActionMask = 2147483647;
			dstPath = /usr/share/man/man1/;
			dstSubfolderSpec = 0;
			files = (
				52802A3A1521E1C80077DD15 /* helpdesk.1 in CopyFiles */,
			);
			runOnlyForDeploymentPostprocessing = 1;
		};
/* End PBXCopyFilesBuildPhase section */

/* Begin PBXFileReference section */
		52802A331521E1C70077DD15 /* helpdesk */ = {isa = PBXFileReference; explicitFileType = "compiled.mach-o.executable"; includeInIndex = 0; path = helpdesk; sourceTree = BUILT_PRODUCTS_DIR; };
		52802A371521E1C70077DD15 /* main.c */ = {isa = PBXFileReference; lastKnownFileType = sourcecode.c.c; path = main.c; sourceTree = "<group>"; };
		52802A391521E1C70077DD15 /* helpdesk.1 */ = {isa = PBXFileReference; lastKnownFileType = text.man; path = helpdesk.1; sourceTree = "<group>"; };
/* End PBXFileReference section */

/* Begin PBXFrameworksBuildPhase section */
		52802A301521E1C70077DD15 /* Frameworks */ = {
			isa = PBXFrameworksBuildPhase;
			buildActionMask = 2147483647;
			files = (
			);
			runOnlyForDeploymentPostprocessing = 0;
		};
/* End PBXFrameworksBuildPhase section */

/* Begin PBXGroup section */
		52802A281521E1C70077DD15 = {
			isa = PBXGroup;
			children = (
				52802A361521E1C70077DD15 /* helpdesk */,
				52802A341521E1C70077DD15 /* Products */,
			);
			sourceTree = "<group>";
		};
		52802A341521E1C70077DD15 /* Products */ = {
			isa = PBXGroup;
			children = (
				52802A331521E1C70077DD15 /* helpdesk */,
			);
			name = Products;
			sourceTree = "<group>";
		};
		52802A361521E1C70077DD15 /* helpdesk */ = {
			isa = PBXGroup;
			children = (
				52802A371521E1C70077DD15 /* main.c */,
				52802A391521E1C70077DD15 /* helpdesk.1 */,
			);
			path = helpdesk;
			sourceTree = "<group>";
		};
/* End PBXGroup section */

/* Begin PBXNativeTarget section */
		52802A321521E1C70077DD15 /* helpdesk */ = {
			isa = PBXNativeTarget;
			buildConfigurationList = 52802A3D1521E1C80077DD15 /* Build configuration list for PBXNativeTarget "helpdesk" */;
			buildPhases = (
				52802A2F1521E1C70077DD15 /* Sources */,
				52802A301521E1C70077DD15 /* Frameworks */,
				52802A311521E1C70077DD15 /* CopyFiles */,
			);
			buildRules = (
			);
			dependencies = (
			);
			name = helpdesk;
			productName = helpdesk;
			productReference = 52802A331521E1C70077DD15 /* helpdesk */;
			productType = "com.apple.product-type.tool";
		};
/* End PBXNativeTarget section */

/* Begin PBXProject section */
		52802A2A1521E1C70077DD15 /* Project object */ = {
			isa = PBXProject;
			attributes = {
				LastUpgradeCheck = 0420;
				ORGANIZATIONNAME = "Università degli studi di Torino";
			};
			buildConfigurationList = 52802A2D1521E1C70077DD15 /* Build configuration list for PBXProject "helpdesk" */;
			compatibilityVersion = "Xcode 3.2";
			developmentRegion = English;
			hasScannedForEncodings = 0;
			knownRegions = (
				en,
			);
			mainGroup = 52802A281521E1C70077DD15;
			productRefGroup = 52802A341521E1C70077DD15 /* Products */;
			projectDirPath = "";
			projectRoot = "";
			targets = (
				52802A321521E1C70077DD15 /* helpdesk */,
			);
		};
/* End PBXProject section */

/* Begin PBXSourcesBuildPhase section */
		52802A2F1521E1C70077DD15 /* Sources */ = {
			isa = PBXSourcesBuildPhase;
			buildActionMask = 2147483647;
			files = (
				52802A381521E1C70077DD15 /* main.c in Sources */,
			);
			runOnlyForDeploymentPostprocessing = 0;
		};
/* End PBXSourcesBuildPhase section */

/* Begin XCBuildConfiguration section */
		52802A3B1521E1C80077DD15 /* Debug */ = {
			isa = XCBuildConfiguration;
			buildSettings = {
				ALWAYS_SEARCH_USER_PATHS = NO;
				ARCHS = "$(ARCHS_STANDARD_64_BIT)";
				CLANG_ENABLE_OBJC_ARC = YES;
				COPY_PHASE_STRIP = NO;
				GCC_C_LANGUAGE_STANDARD = gnu99;
				GCC_DYNAMIC_NO_PIC = NO;
				GCC_ENABLE_OBJC_EXCEPTIONS = YES;
				GCC_OPTIMIZATION_LEVEL = 0;
				GCC_PREPROCESSOR_DEFINITIONS = (
					"DEBUG=1",
					"$(inherited)",
				);
				GCC_SYMBOLS_PRIVATE_EXTERN = NO;
				GCC_VERSION = com.apple.compilers.llvm.clang.1_0;
				GCC_WARN_64_TO_32_BIT_CONVERSION = YES;
				GCC_WARN_ABOUT_MISSING_PROTOTYPES = YES;
				GCC_WARN_ABOUT_RETURN_TYPE = YES;
				GCC_WARN_UNUSED_VARIABLE = YES;
				MACOSX_DEPLOYMENT_TARGET = 10.7;
				ONLY_ACTIVE_ARCH = YES;
				SDKROOT = macosx;
			};
			name = Debug;
		};
		52802A3C1521E1C80077DD15 /* Release */ = {
			isa = XCBuildConfiguration;
			buildSettings = {
				ALWAYS_SEARCH_USER_PATHS = NO;
				ARCHS = "$(ARCHS_STANDARD_64_BIT)";
				CLANG_ENABLE_OBJC_ARC = YES;
				COPY_PHASE_STRIP = YES;
				DEBUG_INFORMATION_FORMAT = "dwarf-with-dsym";
				GCC_C_LANGUAGE_STANDARD = gnu99;
				GCC_ENABLE_OBJC_EXCEPTIONS = YES;
				GCC_VERSION = com.apple.compilers.llvm.clang.1_0;
				GCC_WARN_64_TO_32_BIT_CONVERSION = YES;
				GCC_WARN_ABOUT_MISSING_PROTOTYPES = YES;
				GCC_WARN_ABOUT_RETURN_TYPE = YES;
				GCC_WARN_UNUSED_VARIABLE = YES;
				MACOSX_DEPLOYMENT_TARGET = 10.7;
				SDKROOT = macosx;
			};
			name = Release;
		};
		52802A3E1521E1C80077DD15 /* Debug */ = {
			isa = XCBuildConfiguration;
			buildSettings = {
				PRODUCT_NAME = "$(TARGET_NAME)";
			};
			name = Debug;
		};
		52802A3F1521E1C80077DD15 /* Release */ = {
			isa = XCBuildConfiguration;
			buildSettings = {
				PRODUCT_NAME = "$(TARGET_NAME)";
			};
			name = Release;
		};
/* End XCBuildConfiguration section */

/* Begin XCConfigurationList section */
		52802A2D1521E1C70077DD15 /* Build configuration list for PBXProject "helpdesk" */ = {
			isa = XCConfigurationList;
			buildConfigurations = (
				52802A3B1521E1C80077DD15 /* Debug */,
				52802A3C1521E1C80077DD15 /* Release */,
			);
			defaultConfigurationIsVisible = 0;
			defaultConfigurationName = Release;
		};
		52802A3D1521E1C80077DD15 /* Build configuration list for PBXNativeTarget "helpdesk" */ = {
			isa = XCConfigurationList;
			buildConfigurations = (
				52802A3E1521E1C80077DD15 /* Debug */,
				52802A3F1521E1C80077DD15 /* Release */,
			);
			defaultConfigurationIsVisible = 0;
		};
/* End XCConfigurationList section */
	};
	rootObject = 52802A2A1521E1C70077DD15 /* Project object */;
}
